
Microsoft Visual Studio Solution File, Format Version 12.00
# Visual Studio 14
VisualStudioVersion = 14.0.25420.1
MinimumVisualStudioVersion = 10.0.40219.1
Project("{FAE04EC0-301F-11D3-BF4B-00C04F79EFBC}") = "Directory", "Directory\Directory.csproj", "{306DBB42-0992-4C09-85E5-78A42F55ABFD}"
EndProject
Project("{FAE04EC0-301F-11D3-BF4B-00C04F79EFBC}") = "Directory.Tests", "Directory.Tests\Directory.Tests.csproj", "{1794D7CF-8D23-47C6-849B-A193A2B9A152}"
EndProject
Global
	GlobalSection(SolutionConfigurationPlatforms) = preSolution
		Debug|Any CPU = Debug|Any CPU
		Release|Any CPU = Release|Any CPU
	EndGlobalSection
	GlobalSection(ProjectConfigurationPlatforms) = postSolution
		{306DBB42-0992-4C09-85E5-78A42F55ABFD}.Debug|Any CPU.ActiveCfg = Debug|Any CPU
		{306DBB42-0992-4C09-85E5-78A42F55ABFD}.Debug|Any CPU.Build.0 = Debug|Any CPU
		{306DBB42-0992-4C09-85E5-78A42F55ABFD}.Release|Any CPU.ActiveCfg = Release|Any CPU
		{306DBB42-0992-4C09-85E5-78A42F55ABFD}.Release|Any CPU.Build.0 = Release|Any CPU
		{1794D7CF-8D23-47C6-849B-A193A2B9A152}.Debug|Any CPU.ActiveCfg = Debug|Any CPU
		{1794D7CF-8D23-47C6-849B-A193A2B9A152}.Debug|Any CPU.Build.0 = Debug|Any CPU
		{1794D7CF-8D23-47C6-849B-A193A2B9A152}.Release|Any CPU.ActiveCfg = Release|Any CPU
		{1794D7CF-8D23-47C6-849B-A193A2B9A152}.Release|Any CPU.Build.0 = Release|Any CPU
	EndGlobalSection
	GlobalSection(SolutionProperties) = preSolution
		HideSolutionNode = FALSE
	EndGlobalSection
EndGlobal
